# This file is autogenerated, do not edit; changes may be undone by the next 'dep ensure'.


[[projects]]
  branch = "master"
  name = "github.com/osunac/go-httplogger"
  packages = ["."]
  revision = "9f5d0e7c682d0f52927ef8f7918dffe64465bd34"

[solve-meta]
  analyzer-name = "dep"
  analyzer-version = 1
  inputs-digest = "218c45ba75d82b60e14f95a41a811c35a2ca93672261d1273ecd142c49d76766"
  solver-name = "gps-cdcl"
  solver-version = 1
